
Microsoft Visual Studio Solution File, Format Version 11.00
# Visual Studio 2010
Project("{FAE04EC0-301F-11D3-BF4B-00C04F79EFBC}") = "Contracts", "Contracts\Contracts.csproj", "{08CEFC55-E376-41FD-B52C-2C48C97A50C4}"
EndProject
Project("{FAE04EC0-301F-11D3-BF4B-00C04F79EFBC}") = "Service", "Service\Service.csproj", "{24EF7C35-DA11-4B85-A0AC-16F6D92B291A}"
EndProject
Project("{FAE04EC0-301F-11D3-BF4B-00C04F79EFBC}") = "Client", "Client\Client.csproj", "{76168C73-E9FF-45EC-BF69-4BD4F02E0E55}"
EndProject
Global
	GlobalSection(SolutionConfigurationPlatforms) = preSolution
		Debug|Any CPU = Debug|Any CPU
		Debug|Mixed Platforms = Debug|Mixed Platforms
		Debug|x86 = Debug|x86
		Release|Any CPU = Release|Any CPU
		Release|Mixed Platforms = Release|Mixed Platforms
		Release|x86 = Release|x86
	EndGlobalSection
	GlobalSection(ProjectConfigurationPlatforms) = postSolution
		{08CEFC55-E376-41FD-B52C-2C48C97A50C4}.Debug|Any CPU.ActiveCfg = Debug|Any CPU
		{08CEFC55-E376-41FD-B52C-2C48C97A50C4}.Debug|Any CPU.Build.0 = Debug|Any CPU
		{08CEFC55-E376-41FD-B52C-2C48C97A50C4}.Debug|Mixed Platforms.ActiveCfg = Debug|Any CPU
		{08CEFC55-E376-41FD-B52C-2C48C97A50C4}.Debug|Mixed Platforms.Build.0 = Debug|Any CPU
		{08CEFC55-E376-41FD-B52C-2C48C97A50C4}.Debug|x86.ActiveCfg = Debug|Any CPU
		{08CEFC55-E376-41FD-B52C-2C48C97A50C4}.Release|Any CPU.ActiveCfg = Release|Any CPU
		{08CEFC55-E376-41FD-B52C-2C48C97A50C4}.Release|Any CPU.Build.0 = Release|Any CPU
		{08CEFC55-E376-41FD-B52C-2C48C97A50C4}.Release|Mixed Platforms.ActiveCfg = Release|Any CPU
		{08CEFC55-E376-41FD-B52C-2C48C97A50C4}.Release|Mixed Platforms.Build.0 = Release|Any CPU
		{08CEFC55-E376-41FD-B52C-2C48C97A50C4}.Release|x86.ActiveCfg = Release|Any CPU
		{24EF7C35-DA11-4B85-A0AC-16F6D92B291A}.Debug|Any CPU.ActiveCfg = Debug|x86
		{24EF7C35-DA11-4B85-A0AC-16F6D92B291A}.Debug|Mixed Platforms.ActiveCfg = Debug|x86
		{24EF7C35-DA11-4B85-A0AC-16F6D92B291A}.Debug|Mixed Platforms.Build.0 = Debug|x86
		{24EF7C35-DA11-4B85-A0AC-16F6D92B291A}.Debug|x86.ActiveCfg = Debug|x86
		{24EF7C35-DA11-4B85-A0AC-16F6D92B291A}.Debug|x86.Build.0 = Debug|x86
		{24EF7C35-DA11-4B85-A0AC-16F6D92B291A}.Release|Any CPU.ActiveCfg = Release|x86
		{24EF7C35-DA11-4B85-A0AC-16F6D92B291A}.Release|Mixed Platforms.ActiveCfg = Release|x86
		{24EF7C35-DA11-4B85-A0AC-16F6D92B291A}.Release|Mixed Platforms.Build.0 = Release|x86
		{24EF7C35-DA11-4B85-A0AC-16F6D92B291A}.Release|x86.ActiveCfg = Release|x86
		{24EF7C35-DA11-4B85-A0AC-16F6D92B291A}.Release|x86.Build.0 = Release|x86
		{76168C73-E9FF-45EC-BF69-4BD4F02E0E55}.Debug|Any CPU.ActiveCfg = Debug|x86
		{76168C73-E9FF-45EC-BF69-4BD4F02E0E55}.Debug|Mixed Platforms.ActiveCfg = Debug|x86
		{76168C73-E9FF-45EC-BF69-4BD4F02E0E55}.Debug|Mixed Platforms.Build.0 = Debug|x86
		{76168C73-E9FF-45EC-BF69-4BD4F02E0E55}.Debug|x86.ActiveCfg = Debug|x86
		{76168C73-E9FF-45EC-BF69-4BD4F02E0E55}.Debug|x86.Build.0 = Debug|x86
		{76168C73-E9FF-45EC-BF69-4BD4F02E0E55}.Release|Any CPU.ActiveCfg = Release|x86
		{76168C73-E9FF-45EC-BF69-4BD4F02E0E55}.Release|Mixed Platforms.ActiveCfg = Release|x86
		{76168C73-E9FF-45EC-BF69-4BD4F02E0E55}.Release|Mixed Platforms.Build.0 = Release|x86
		{76168C73-E9FF-45EC-BF69-4BD4F02E0E55}.Release|x86.ActiveCfg = Release|x86
		{76168C73-E9FF-45EC-BF69-4BD4F02E0E55}.Release|x86.Build.0 = Release|x86
	EndGlobalSection
	GlobalSection(SolutionProperties) = preSolution
		HideSolutionNode = FALSE
	EndGlobalSection
EndGlobal
